// !$*UTF8*$!
{
	archiveVersion = 1;
	classes = {
	};
	objectVersion = 56;
	objects = {

/* Begin PBXBuildFile section */
		EB0D72FD2AA9FF670049451F /* Extension+UIImage.swift in Sources */ = {isa = PBXBuildFile; fileRef = EB0D72FC2AA9FF670049451F /* Extension+UIImage.swift */; };
		EB2A0DD92AAE342B00709E1D /* MediaCollectionViewCell.swift in Sources */ = {isa = PBXBuildFile; fileRef = EB2A0DD82AAE342B00709E1D /* MediaCollectionViewCell.swift */; };
		EB2A0DDB2AAE35DC00709E1D /* PosterImageView.swift in Sources */ = {isa = PBXBuildFile; fileRef = EB2A0DDA2AAE35DC00709E1D /* PosterImageView.swift */; };
		EB2A0DDE2AAE37D500709E1D /* TmdbService.swift in Sources */ = {isa = PBXBuildFile; fileRef = EB2A0DDD2AAE37D500709E1D /* TmdbService.swift */; };
		EB38A3752AAF511C00155315 /* Sections.swift in Sources */ = {isa = PBXBuildFile; fileRef = EB38A3742AAF511C00155315 /* Sections.swift */; };
		EB38A3772AAF515200155315 /* TmdbServiceHelper.swift in Sources */ = {isa = PBXBuildFile; fileRef = EB38A3762AAF515200155315 /* TmdbServiceHelper.swift */; };
		EB7F6B472AA882C100837972 /* CollectionViewTableViewCell.swift in Sources */ = {isa = PBXBuildFile; fileRef = EB7F6B462AA882C100837972 /* CollectionViewTableViewCell.swift */; };
		EB7F6B492AA8C4E900837972 /* HeroHeaderUIView.swift in Sources */ = {isa = PBXBuildFile; fileRef = EB7F6B482AA8C4E900837972 /* HeroHeaderUIView.swift */; };
		EB9CC3962AA7C58300AF7E7F /* AppDelegate.swift in Sources */ = {isa = PBXBuildFile; fileRef = EB9CC3952AA7C58300AF7E7F /* AppDelegate.swift */; };
		EB9CC3982AA7C58300AF7E7F /* SceneDelegate.swift in Sources */ = {isa = PBXBuildFile; fileRef = EB9CC3972AA7C58300AF7E7F /* SceneDelegate.swift */; };
		EB9CC39A2AA7C58300AF7E7F /* MainTabBarViewController.swift in Sources */ = {isa = PBXBuildFile; fileRef = EB9CC3992AA7C58300AF7E7F /* MainTabBarViewController.swift */; };
		EB9CC39F2AA7C58300AF7E7F /* Assets.xcassets in Resources */ = {isa = PBXBuildFile; fileRef = EB9CC39E2AA7C58300AF7E7F /* Assets.xcassets */; };
		EB9CC3A22AA7C58300AF7E7F /* LaunchScreen.storyboard in Resources */ = {isa = PBXBuildFile; fileRef = EB9CC3A02AA7C58300AF7E7F /* LaunchScreen.storyboard */; };
		EB9CC3AB2AA7C94700AF7E7F /* HomeViewController.swift in Sources */ = {isa = PBXBuildFile; fileRef = EB9CC3AA2AA7C94700AF7E7F /* HomeViewController.swift */; };
		EB9CC3AD2AA7C97F00AF7E7F /* UpcomingViewController.swift in Sources */ = {isa = PBXBuildFile; fileRef = EB9CC3AC2AA7C97F00AF7E7F /* UpcomingViewController.swift */; };
		EB9CC3AF2AA7C9A300AF7E7F /* SearchViewController.swift in Sources */ = {isa = PBXBuildFile; fileRef = EB9CC3AE2AA7C9A300AF7E7F /* SearchViewController.swift */; };
		EB9CC3B12AA7C9C200AF7E7F /* DownloadsViewController.swift in Sources */ = {isa = PBXBuildFile; fileRef = EB9CC3B02AA7C9C200AF7E7F /* DownloadsViewController.swift */; };
		EBF44C0F2AAB2AD0002FC854 /* NetworkManager.swift in Sources */ = {isa = PBXBuildFile; fileRef = EBF44C0E2AAB2AD0002FC854 /* NetworkManager.swift */; };
		EBF44C112AAB440F002FC854 /* Media.swift in Sources */ = {isa = PBXBuildFile; fileRef = EBF44C102AAB440F002FC854 /* Media.swift */; };
		EBF44C132AAB5D27002FC854 /* Extension+String.swift in Sources */ = {isa = PBXBuildFile; fileRef = EBF44C122AAB5D27002FC854 /* Extension+String.swift */; };
/* End PBXBuildFile section */

/* Begin PBXFileReference section */
		EB0D72FC2AA9FF670049451F /* Extension+UIImage.swift */ = {isa = PBXFileReference; lastKnownFileType = sourcecode.swift; path = "Extension+UIImage.swift"; sourceTree = "<group>"; };
		EB2A0DD82AAE342B00709E1D /* MediaCollectionViewCell.swift */ = {isa = PBXFileReference; lastKnownFileType = sourcecode.swift; path = MediaCollectionViewCell.swift; sourceTree = "<group>"; };
		EB2A0DDA2AAE35DC00709E1D /* PosterImageView.swift */ = {isa = PBXFileReference; lastKnownFileType = sourcecode.swift; path = PosterImageView.swift; sourceTree = "<group>"; };
		EB2A0DDD2AAE37D500709E1D /* TmdbService.swift */ = {isa = PBXFileReference; lastKnownFileType = sourcecode.swift; path = TmdbService.swift; sourceTree = "<group>"; };
		EB38A3742AAF511C00155315 /* Sections.swift */ = {isa = PBXFileReference; lastKnownFileType = sourcecode.swift; path = Sections.swift; sourceTree = "<group>"; };
		EB38A3762AAF515200155315 /* TmdbServiceHelper.swift */ = {isa = PBXFileReference; lastKnownFileType = sourcecode.swift; path = TmdbServiceHelper.swift; sourceTree = "<group>"; };
		EB7F6B462AA882C100837972 /* CollectionViewTableViewCell.swift */ = {isa = PBXFileReference; lastKnownFileType = sourcecode.swift; path = CollectionViewTableViewCell.swift; sourceTree = "<group>"; };
		EB7F6B482AA8C4E900837972 /* HeroHeaderUIView.swift */ = {isa = PBXFileReference; lastKnownFileType = sourcecode.swift; path = HeroHeaderUIView.swift; sourceTree = "<group>"; };
		EB9CC3922AA7C58300AF7E7F /* NetflixClone.app */ = {isa = PBXFileReference; explicitFileType = wrapper.application; includeInIndex = 0; path = NetflixClone.app; sourceTree = BUILT_PRODUCTS_DIR; };
		EB9CC3952AA7C58300AF7E7F /* AppDelegate.swift */ = {isa = PBXFileReference; lastKnownFileType = sourcecode.swift; path = AppDelegate.swift; sourceTree = "<group>"; };
		EB9CC3972AA7C58300AF7E7F /* SceneDelegate.swift */ = {isa = PBXFileReference; lastKnownFileType = sourcecode.swift; path = SceneDelegate.swift; sourceTree = "<group>"; };
		EB9CC3992AA7C58300AF7E7F /* MainTabBarViewController.swift */ = {isa = PBXFileReference; lastKnownFileType = sourcecode.swift; path = MainTabBarViewController.swift; sourceTree = "<group>"; };
		EB9CC39E2AA7C58300AF7E7F /* Assets.xcassets */ = {isa = PBXFileReference; lastKnownFileType = folder.assetcatalog; path = Assets.xcassets; sourceTree = "<group>"; };
		EB9CC3A12AA7C58300AF7E7F /* Base */ = {isa = PBXFileReference; lastKnownFileType = file.storyboard; name = Base; path = Base.lproj/LaunchScreen.storyboard; sourceTree = "<group>"; };
		EB9CC3A32AA7C58300AF7E7F /* Info.plist */ = {isa = PBXFileReference; lastKnownFileType = text.plist.xml; path = Info.plist; sourceTree = "<group>"; };
		EB9CC3AA2AA7C94700AF7E7F /* HomeViewController.swift */ = {isa = PBXFileReference; lastKnownFileType = sourcecode.swift; path = HomeViewController.swift; sourceTree = "<group>"; };
		EB9CC3AC2AA7C97F00AF7E7F /* UpcomingViewController.swift */ = {isa = PBXFileReference; lastKnownFileType = sourcecode.swift; path = UpcomingViewController.swift; sourceTree = "<group>"; };
		EB9CC3AE2AA7C9A300AF7E7F /* SearchViewController.swift */ = {isa = PBXFileReference; lastKnownFileType = sourcecode.swift; path = SearchViewController.swift; sourceTree = "<group>"; };
		EB9CC3B02AA7C9C200AF7E7F /* DownloadsViewController.swift */ = {isa = PBXFileReference; lastKnownFileType = sourcecode.swift; path = DownloadsViewController.swift; sourceTree = "<group>"; };
		EBF44C0E2AAB2AD0002FC854 /* NetworkManager.swift */ = {isa = PBXFileReference; lastKnownFileType = sourcecode.swift; path = NetworkManager.swift; sourceTree = "<group>"; };
		EBF44C102AAB440F002FC854 /* Media.swift */ = {isa = PBXFileReference; lastKnownFileType = sourcecode.swift; path = Media.swift; sourceTree = "<group>"; };
		EBF44C122AAB5D27002FC854 /* Extension+String.swift */ = {isa = PBXFileReference; lastKnownFileType = sourcecode.swift; path = "Extension+String.swift"; sourceTree = "<group>"; };
/* End PBXFileReference section */

/* Begin PBXFrameworksBuildPhase section */
		EB9CC38F2AA7C58300AF7E7F /* Frameworks */ = {
			isa = PBXFrameworksBuildPhase;
			buildActionMask = 2147483647;
			files = (
			);
			runOnlyForDeploymentPostprocessing = 0;
		};
/* End PBXFrameworksBuildPhase section */

/* Begin PBXGroup section */
		EB2A0DDC2AAE374400709E1D /* Services */ = {
			isa = PBXGroup;
			children = (
				EB2A0DDD2AAE37D500709E1D /* TmdbService.swift */,
			);
			path = Services;
			sourceTree = "<group>";
		};
		EB7F6B412AA8822600837972 /* Views */ = {
			isa = PBXGroup;
			children = (
				EB7F6B462AA882C100837972 /* CollectionViewTableViewCell.swift */,
				EB2A0DD82AAE342B00709E1D /* MediaCollectionViewCell.swift */,
				EB7F6B482AA8C4E900837972 /* HeroHeaderUIView.swift */,
				EB2A0DDA2AAE35DC00709E1D /* PosterImageView.swift */,
			);
			path = Views;
			sourceTree = "<group>";
		};
		EB7F6B422AA8823500837972 /* ViewModels */ = {
			isa = PBXGroup;
			children = (
			);
			path = ViewModels;
			sourceTree = "<group>";
		};
		EB7F6B432AA8824100837972 /* Models */ = {
			isa = PBXGroup;
			children = (
				EBF44C102AAB440F002FC854 /* Media.swift */,
			);
			path = Models;
			sourceTree = "<group>";
		};
		EB7F6B442AA8827100837972 /* Resources */ = {
			isa = PBXGroup;
			children = (
				EB0D72FC2AA9FF670049451F /* Extension+UIImage.swift */,
				EBF44C122AAB5D27002FC854 /* Extension+String.swift */,
				EB38A3742AAF511C00155315 /* Sections.swift */,
				EB38A3762AAF515200155315 /* TmdbServiceHelper.swift */,
			);
			path = Resources;
			sourceTree = "<group>";
		};
		EB7F6B452AA8828100837972 /* Managers */ = {
			isa = PBXGroup;
			children = (
				EBF44C0E2AAB2AD0002FC854 /* NetworkManager.swift */,
			);
			path = Managers;
			sourceTree = "<group>";
		};
		EB9CC3892AA7C58300AF7E7F = {
			isa = PBXGroup;
			children = (
				EB9CC3942AA7C58300AF7E7F /* NetflixClone */,
				EB9CC3932AA7C58300AF7E7F /* Products */,
			);
			sourceTree = "<group>";
		};
		EB9CC3932AA7C58300AF7E7F /* Products */ = {
			isa = PBXGroup;
			children = (
				EB9CC3922AA7C58300AF7E7F /* NetflixClone.app */,
			);
			name = Products;
			sourceTree = "<group>";
		};
		EB9CC3942AA7C58300AF7E7F /* NetflixClone */ = {
			isa = PBXGroup;
			children = (
				EB7F6B452AA8828100837972 /* Managers */,
				EB2A0DDC2AAE374400709E1D /* Services */,
				EB7F6B442AA8827100837972 /* Resources */,
				EB7F6B432AA8824100837972 /* Models */,
				EB7F6B412AA8822600837972 /* Views */,
				EB7F6B422AA8823500837972 /* ViewModels */,
				EB9CC3A92AA7C91500AF7E7F /* Controllers */,
				EB9CC3992AA7C58300AF7E7F /* MainTabBarViewController.swift */,
				EB9CC3952AA7C58300AF7E7F /* AppDelegate.swift */,
				EB9CC3972AA7C58300AF7E7F /* SceneDelegate.swift */,
				EB9CC39E2AA7C58300AF7E7F /* Assets.xcassets */,
				EB9CC3A02AA7C58300AF7E7F /* LaunchScreen.storyboard */,
				EB9CC3A32AA7C58300AF7E7F /* Info.plist */,
			);
			path = NetflixClone;
			sourceTree = "<group>";
		};
		EB9CC3A92AA7C91500AF7E7F /* Controllers */ = {
			isa = PBXGroup;
			children = (
				EB9CC3AA2AA7C94700AF7E7F /* HomeViewController.swift */,
				EB9CC3AC2AA7C97F00AF7E7F /* UpcomingViewController.swift */,
				EB9CC3AE2AA7C9A300AF7E7F /* SearchViewController.swift */,
				EB9CC3B02AA7C9C200AF7E7F /* DownloadsViewController.swift */,
			);
			path = Controllers;
			sourceTree = "<group>";
		};
/* End PBXGroup section */

/* Begin PBXNativeTarget section */
		EB9CC3912AA7C58300AF7E7F /* NetflixClone */ = {
			isa = PBXNativeTarget;
			buildConfigurationList = EB9CC3A62AA7C58300AF7E7F /* Build configuration list for PBXNativeTarget "NetflixClone" */;
			buildPhases = (
				EB9CC38E2AA7C58300AF7E7F /* Sources */,
				EB9CC38F2AA7C58300AF7E7F /* Frameworks */,
				EB9CC3902AA7C58300AF7E7F /* Resources */,
			);
			buildRules = (
			);
			dependencies = (
			);
			name = NetflixClone;
			productName = NetflixClone;
			productReference = EB9CC3922AA7C58300AF7E7F /* NetflixClone.app */;
			productType = "com.apple.product-type.application";
		};
/* End PBXNativeTarget section */

/* Begin PBXProject section */
		EB9CC38A2AA7C58300AF7E7F /* Project object */ = {
			isa = PBXProject;
			attributes = {
				BuildIndependentTargetsInParallel = 1;
				LastSwiftUpdateCheck = 1430;
				LastUpgradeCheck = 1430;
				TargetAttributes = {
					EB9CC3912AA7C58300AF7E7F = {
						CreatedOnToolsVersion = 14.3.1;
					};
				};
			};
			buildConfigurationList = EB9CC38D2AA7C58300AF7E7F /* Build configuration list for PBXProject "NetflixClone" */;
			compatibilityVersion = "Xcode 14.0";
			developmentRegion = en;
			hasScannedForEncodings = 0;
			knownRegions = (
				en,
				Base,
			);
			mainGroup = EB9CC3892AA7C58300AF7E7F;
			productRefGroup = EB9CC3932AA7C58300AF7E7F /* Products */;
			projectDirPath = "";
			projectRoot = "";
			targets = (
				EB9CC3912AA7C58300AF7E7F /* NetflixClone */,
			);
		};
/* End PBXProject section */

/* Begin PBXResourcesBuildPhase section */
		EB9CC3902AA7C58300AF7E7F /* Resources */ = {
			isa = PBXResourcesBuildPhase;
			buildActionMask = 2147483647;
			files = (
				EB9CC3A22AA7C58300AF7E7F /* LaunchScreen.storyboard in Resources */,
				EB9CC39F2AA7C58300AF7E7F /* Assets.xcassets in Resources */,
			);
			runOnlyForDeploymentPostprocessing = 0;
		};
/* End PBXResourcesBuildPhase section */

/* Begin PBXSourcesBuildPhase section */
		EB9CC38E2AA7C58300AF7E7F /* Sources */ = {
			isa = PBXSourcesBuildPhase;
			buildActionMask = 2147483647;
			files = (
				EBF44C132AAB5D27002FC854 /* Extension+String.swift in Sources */,
				EB9CC3AF2AA7C9A300AF7E7F /* SearchViewController.swift in Sources */,
				EB0D72FD2AA9FF670049451F /* Extension+UIImage.swift in Sources */,
				EBF44C112AAB440F002FC854 /* Media.swift in Sources */,
				EB38A3752AAF511C00155315 /* Sections.swift in Sources */,
				EB2A0DDE2AAE37D500709E1D /* TmdbService.swift in Sources */,
				EB2A0DDB2AAE35DC00709E1D /* PosterImageView.swift in Sources */,
				EB9CC39A2AA7C58300AF7E7F /* MainTabBarViewController.swift in Sources */,
				EB7F6B472AA882C100837972 /* CollectionViewTableViewCell.swift in Sources */,
				EB7F6B492AA8C4E900837972 /* HeroHeaderUIView.swift in Sources */,
				EB38A3772AAF515200155315 /* TmdbServiceHelper.swift in Sources */,
				EB2A0DD92AAE342B00709E1D /* MediaCollectionViewCell.swift in Sources */,
				EB9CC3B12AA7C9C200AF7E7F /* DownloadsViewController.swift in Sources */,
				EB9CC3962AA7C58300AF7E7F /* AppDelegate.swift in Sources */,
				EB9CC3982AA7C58300AF7E7F /* SceneDelegate.swift in Sources */,
				EBF44C0F2AAB2AD0002FC854 /* NetworkManager.swift in Sources */,
				EB9CC3AD2AA7C97F00AF7E7F /* UpcomingViewController.swift in Sources */,
				EB9CC3AB2AA7C94700AF7E7F /* HomeViewController.swift in Sources */,
			);
			runOnlyForDeploymentPostprocessing = 0;
		};
/* End PBXSourcesBuildPhase section */

/* Begin PBXVariantGroup section */
		EB9CC3A02AA7C58300AF7E7F /* LaunchScreen.storyboard */ = {
			isa = PBXVariantGroup;
			children = (
				EB9CC3A12AA7C58300AF7E7F /* Base */,
			);
			name = LaunchScreen.storyboard;
			sourceTree = "<group>";
		};
/* End PBXVariantGroup section */

/* Begin XCBuildConfiguration section */
		EB9CC3A42AA7C58300AF7E7F /* Debug */ = {
			isa = XCBuildConfiguration;
			buildSettings = {
				ALWAYS_SEARCH_USER_PATHS = NO;
				CLANG_ANALYZER_NONNULL = YES;
				CLANG_ANALYZER_NUMBER_OBJECT_CONVERSION = YES_AGGRESSIVE;
				CLANG_CXX_LANGUAGE_STANDARD = "gnu++20";
				CLANG_ENABLE_MODULES = YES;
				CLANG_ENABLE_OBJC_ARC = YES;
				CLANG_ENABLE_OBJC_WEAK = YES;
				CLANG_WARN_BLOCK_CAPTURE_AUTORELEASING = YES;
				CLANG_WARN_BOOL_CONVERSION = YES;
				CLANG_WARN_COMMA = YES;
				CLANG_WARN_CONSTANT_CONVERSION = YES;
				CLANG_WARN_DEPRECATED_OBJC_IMPLEMENTATIONS = YES;
				CLANG_WARN_DIRECT_OBJC_ISA_USAGE = YES_ERROR;
				CLANG_WARN_DOCUMENTATION_COMMENTS = YES;
				CLANG_WARN_EMPTY_BODY = YES;
				CLANG_WARN_ENUM_CONVERSION = YES;
				CLANG_WARN_INFINITE_RECURSION = YES;
				CLANG_WARN_INT_CONVERSION = YES;
				CLANG_WARN_NON_LITERAL_NULL_CONVERSION = YES;
				CLANG_WARN_OBJC_IMPLICIT_RETAIN_SELF = YES;
				CLANG_WARN_OBJC_LITERAL_CONVERSION = YES;
				CLANG_WARN_OBJC_ROOT_CLASS = YES_ERROR;
				CLANG_WARN_QUOTED_INCLUDE_IN_FRAMEWORK_HEADER = YES;
				CLANG_WARN_RANGE_LOOP_ANALYSIS = YES;
				CLANG_WARN_STRICT_PROTOTYPES = YES;
				CLANG_WARN_SUSPICIOUS_MOVE = YES;
				CLANG_WARN_UNGUARDED_AVAILABILITY = YES_AGGRESSIVE;
				CLANG_WARN_UNREACHABLE_CODE = YES;
				CLANG_WARN__DUPLICATE_METHOD_MATCH = YES;
				COPY_PHASE_STRIP = NO;
				DEBUG_INFORMATION_FORMAT = dwarf;
				ENABLE_STRICT_OBJC_MSGSEND = YES;
				ENABLE_TESTABILITY = YES;
				GCC_C_LANGUAGE_STANDARD = gnu11;
				GCC_DYNAMIC_NO_PIC = NO;
				GCC_NO_COMMON_BLOCKS = YES;
				GCC_OPTIMIZATION_LEVEL = 0;
				GCC_PREPROCESSOR_DEFINITIONS = (
					"DEBUG=1",
					"$(inherited)",
				);
				GCC_WARN_64_TO_32_BIT_CONVERSION = YES;
				GCC_WARN_ABOUT_RETURN_TYPE = YES_ERROR;
				GCC_WARN_UNDECLARED_SELECTOR = YES;
				GCC_WARN_UNINITIALIZED_AUTOS = YES_AGGRESSIVE;
				GCC_WARN_UNUSED_FUNCTION = YES;
				GCC_WARN_UNUSED_VARIABLE = YES;
				IPHONEOS_DEPLOYMENT_TARGET = 16.4;
				MTL_ENABLE_DEBUG_INFO = INCLUDE_SOURCE;
				MTL_FAST_MATH = YES;
				ONLY_ACTIVE_ARCH = YES;
				SDKROOT = iphoneos;
				SWIFT_ACTIVE_COMPILATION_CONDITIONS = DEBUG;
				SWIFT_OPTIMIZATION_LEVEL = "-Onone";
			};
			name = Debug;
		};
		EB9CC3A52AA7C58300AF7E7F /* Release */ = {
			isa = XCBuildConfiguration;
			buildSettings = {
				ALWAYS_SEARCH_USER_PATHS = NO;
				CLANG_ANALYZER_NONNULL = YES;
				CLANG_ANALYZER_NUMBER_OBJECT_CONVERSION = YES_AGGRESSIVE;
				CLANG_CXX_LANGUAGE_STANDARD = "gnu++20";
				CLANG_ENABLE_MODULES = YES;
				CLANG_ENABLE_OBJC_ARC = YES;
				CLANG_ENABLE_OBJC_WEAK = YES;
				CLANG_WARN_BLOCK_CAPTURE_AUTORELEASING = YES;
				CLANG_WARN_BOOL_CONVERSION = YES;
				CLANG_WARN_COMMA = YES;
				CLANG_WARN_CONSTANT_CONVERSION = YES;
				CLANG_WARN_DEPRECATED_OBJC_IMPLEMENTATIONS = YES;
				CLANG_WARN_DIRECT_OBJC_ISA_USAGE = YES_ERROR;
				CLANG_WARN_DOCUMENTATION_COMMENTS = YES;
				CLANG_WARN_EMPTY_BODY = YES;
				CLANG_WARN_ENUM_CONVERSION = YES;
				CLANG_WARN_INFINITE_RECURSION = YES;
				CLANG_WARN_INT_CONVERSION = YES;
				CLANG_WARN_NON_LITERAL_NULL_CONVERSION = YES;
				CLANG_WARN_OBJC_IMPLICIT_RETAIN_SELF = YES;
				CLANG_WARN_OBJC_LITERAL_CONVERSION = YES;
				CLANG_WARN_OBJC_ROOT_CLASS = YES_ERROR;
				CLANG_WARN_QUOTED_INCLUDE_IN_FRAMEWORK_HEADER = YES;
				CLANG_WARN_RANGE_LOOP_ANALYSIS = YES;
				CLANG_WARN_STRICT_PROTOTYPES = YES;
				CLANG_WARN_SUSPICIOUS_MOVE = YES;
				CLANG_WARN_UNGUARDED_AVAILABILITY = YES_AGGRESSIVE;
				CLANG_WARN_UNREACHABLE_CODE = YES;
				CLANG_WARN__DUPLICATE_METHOD_MATCH = YES;
				COPY_PHASE_STRIP = NO;
				DEBUG_INFORMATION_FORMAT = "dwarf-with-dsym";
				ENABLE_NS_ASSERTIONS = NO;
				ENABLE_STRICT_OBJC_MSGSEND = YES;
				GCC_C_LANGUAGE_STANDARD = gnu11;
				GCC_NO_COMMON_BLOCKS = YES;
				GCC_WARN_64_TO_32_BIT_CONVERSION = YES;
				GCC_WARN_ABOUT_RETURN_TYPE = YES_ERROR;
				GCC_WARN_UNDECLARED_SELECTOR = YES;
				GCC_WARN_UNINITIALIZED_AUTOS = YES_AGGRESSIVE;
				GCC_WARN_UNUSED_FUNCTION = YES;
				GCC_WARN_UNUSED_VARIABLE = YES;
				IPHONEOS_DEPLOYMENT_TARGET = 16.4;
				MTL_ENABLE_DEBUG_INFO = NO;
				MTL_FAST_MATH = YES;
				SDKROOT = iphoneos;
				SWIFT_COMPILATION_MODE = wholemodule;
				SWIFT_OPTIMIZATION_LEVEL = "-O";
				VALIDATE_PRODUCT = YES;
			};
			name = Release;
		};
		EB9CC3A72AA7C58300AF7E7F /* Debug */ = {
			isa = XCBuildConfiguration;
			buildSettings = {
				ASSETCATALOG_COMPILER_APPICON_NAME = AppIcon;
				ASSETCATALOG_COMPILER_GLOBAL_ACCENT_COLOR_NAME = AccentColor;
				CODE_SIGN_STYLE = Automatic;
				CURRENT_PROJECT_VERSION = 1;
				DEVELOPMENT_TEAM = 8VZXPVXH33;
				GENERATE_INFOPLIST_FILE = YES;
				INFOPLIST_FILE = NetflixClone/Info.plist;
				INFOPLIST_KEY_UIApplicationSupportsIndirectInputEvents = YES;
				INFOPLIST_KEY_UILaunchStoryboardName = LaunchScreen;
				INFOPLIST_KEY_UISupportedInterfaceOrientations_iPad = "UIInterfaceOrientationPortrait UIInterfaceOrientationPortraitUpsideDown UIInterfaceOrientationLandscapeLeft UIInterfaceOrientationLandscapeRight";
				INFOPLIST_KEY_UISupportedInterfaceOrientations_iPhone = "UIInterfaceOrientationPortrait UIInterfaceOrientationLandscapeLeft UIInterfaceOrientationLandscapeRight";
				LD_RUNPATH_SEARCH_PATHS = (
					"$(inherited)",
					"@executable_path/Frameworks",
				);
				MARKETING_VERSION = 1.0;
				PRODUCT_BUNDLE_IDENTIFIER = com.matflow.NetflixClone;
				PRODUCT_NAME = "$(TARGET_NAME)";
				SWIFT_EMIT_LOC_STRINGS = YES;
				SWIFT_VERSION = 5.0;
				TARGETED_DEVICE_FAMILY = "1,2";
			};
			name = Debug;
		};
		EB9CC3A82AA7C58300AF7E7F /* Release */ = {
			isa = XCBuildConfiguration;
			buildSettings = {
				ASSETCATALOG_COMPILER_APPICON_NAME = AppIcon;
				ASSETCATALOG_COMPILER_GLOBAL_ACCENT_COLOR_NAME = AccentColor;
				CODE_SIGN_STYLE = Automatic;
				CURRENT_PROJECT_VERSION = 1;
				DEVELOPMENT_TEAM = 8VZXPVXH33;
				GENERATE_INFOPLIST_FILE = YES;
				INFOPLIST_FILE = NetflixClone/Info.plist;
				INFOPLIST_KEY_UIApplicationSupportsIndirectInputEvents = YES;
				INFOPLIST_KEY_UILaunchStoryboardName = LaunchScreen;
				INFOPLIST_KEY_UISupportedInterfaceOrientations_iPad = "UIInterfaceOrientationPortrait UIInterfaceOrientationPortraitUpsideDown UIInterfaceOrientationLandscapeLeft UIInterfaceOrientationLandscapeRight";
				INFOPLIST_KEY_UISupportedInterfaceOrientations_iPhone = "UIInterfaceOrientationPortrait UIInterfaceOrientationLandscapeLeft UIInterfaceOrientationLandscapeRight";
				LD_RUNPATH_SEARCH_PATHS = (
					"$(inherited)",
					"@executable_path/Frameworks",
				);
				MARKETING_VERSION = 1.0;
				PRODUCT_BUNDLE_IDENTIFIER = com.matflow.NetflixClone;
				PRODUCT_NAME = "$(TARGET_NAME)";
				SWIFT_EMIT_LOC_STRINGS = YES;
				SWIFT_VERSION = 5.0;
				TARGETED_DEVICE_FAMILY = "1,2";
			};
			name = Release;
		};
/* End XCBuildConfiguration section */

/* Begin XCConfigurationList section */
		EB9CC38D2AA7C58300AF7E7F /* Build configuration list for PBXProject "NetflixClone" */ = {
			isa = XCConfigurationList;
			buildConfigurations = (
				EB9CC3A42AA7C58300AF7E7F /* Debug */,
				EB9CC3A52AA7C58300AF7E7F /* Release */,
			);
			defaultConfigurationIsVisible = 0;
			defaultConfigurationName = Release;
		};
		EB9CC3A62AA7C58300AF7E7F /* Build configuration list for PBXNativeTarget "NetflixClone" */ = {
			isa = XCConfigurationList;
			buildConfigurations = (
				EB9CC3A72AA7C58300AF7E7F /* Debug */,
				EB9CC3A82AA7C58300AF7E7F /* Release */,
			);
			defaultConfigurationIsVisible = 0;
			defaultConfigurationName = Release;
		};
/* End XCConfigurationList section */
	};
	rootObject = EB9CC38A2AA7C58300AF7E7F /* Project object */;
}
